// !$*UTF8*$!
{
	archiveVersion = 1;
	classes = {
	};
	objectVersion = 46;
	objects = {

/* Begin PBXBuildFile section */
		DC82149A1BB02514003D6460 /* AppDelegate.swift in Sources */ = {isa = PBXBuildFile; fileRef = DC8214991BB02514003D6460 /* AppDelegate.swift */; };
		DC82149C1BB02514003D6460 /* ViewController.swift in Sources */ = {isa = PBXBuildFile; fileRef = DC82149B1BB02514003D6460 /* ViewController.swift */; };
		DC82149F1BB02514003D6460 /* Main.storyboard in Resources */ = {isa = PBXBuildFile; fileRef = DC82149D1BB02514003D6460 /* Main.storyboard */; };
		DC8214A11BB02514003D6460 /* Assets.xcassets in Resources */ = {isa = PBXBuildFile; fileRef = DC8214A01BB02514003D6460 /* Assets.xcassets */; };
		DC8214A41BB02514003D6460 /* LaunchScreen.storyboard in Resources */ = {isa = PBXBuildFile; fileRef = DC8214A21BB02514003D6460 /* LaunchScreen.storyboard */; };
		DC8214AE1BB02549003D6460 /* board.png in Resources */ = {isa = PBXBuildFile; fileRef = DC8214AB1BB02549003D6460 /* board.png */; settings = {ASSET_TAGS = (); }; };
		DC8214AF1BB02549003D6460 /* cross.png in Resources */ = {isa = PBXBuildFile; fileRef = DC8214AC1BB02549003D6460 /* cross.png */; settings = {ASSET_TAGS = (); }; };
		DC8214B01BB02549003D6460 /* nought.png in Resources */ = {isa = PBXBuildFile; fileRef = DC8214AD1BB02549003D6460 /* nought.png */; settings = {ASSET_TAGS = (); }; };
/* End PBXBuildFile section */

/* Begin PBXFileReference section */
		DC8214961BB02514003D6460 /* Tic Tac Toe.app */ = {isa = PBXFileReference; explicitFileType = wrapper.application; includeInIndex = 0; path = "Tic Tac Toe.app"; sourceTree = BUILT_PRODUCTS_DIR; };
		DC8214991BB02514003D6460 /* AppDelegate.swift */ = {isa = PBXFileReference; lastKnownFileType = sourcecode.swift; path = AppDelegate.swift; sourceTree = "<group>"; };
		DC82149B1BB02514003D6460 /* ViewController.swift */ = {isa = PBXFileReference; lastKnownFileType = sourcecode.swift; path = ViewController.swift; sourceTree = "<group>"; };
		DC82149E1BB02514003D6460 /* Base */ = {isa = PBXFileReference; lastKnownFileType = file.storyboard; name = Base; path = Base.lproj/Main.storyboard; sourceTree = "<group>"; };
		DC8214A01BB02514003D6460 /* Assets.xcassets */ = {isa = PBXFileReference; lastKnownFileType = folder.assetcatalog; path = Assets.xcassets; sourceTree = "<group>"; };
		DC8214A31BB02514003D6460 /* Base */ = {isa = PBXFileReference; lastKnownFileType = file.storyboard; name = Base; path = Base.lproj/LaunchScreen.storyboard; sourceTree = "<group>"; };
		DC8214A51BB02514003D6460 /* Info.plist */ = {isa = PBXFileReference; lastKnownFileType = text.plist.xml; path = Info.plist; sourceTree = "<group>"; };
		DC8214AB1BB02549003D6460 /* board.png */ = {isa = PBXFileReference; lastKnownFileType = image.png; path = board.png; sourceTree = "<group>"; };
		DC8214AC1BB02549003D6460 /* cross.png */ = {isa = PBXFileReference; lastKnownFileType = image.png; path = cross.png; sourceTree = "<group>"; };
		DC8214AD1BB02549003D6460 /* nought.png */ = {isa = PBXFileReference; lastKnownFileType = image.png; path = nought.png; sourceTree = "<group>"; };
/* End PBXFileReference section */

/* Begin PBXFrameworksBuildPhase section */
		DC8214931BB02514003D6460 /* Frameworks */ = {
			isa = PBXFrameworksBuildPhase;
			buildActionMask = 2147483647;
			files = (
			);
			runOnlyForDeploymentPostprocessing = 0;
		};
/* End PBXFrameworksBuildPhase section */

/* Begin PBXGroup section */
		DC82148D1BB02514003D6460 = {
			isa = PBXGroup;
			children = (
				DC8214981BB02514003D6460 /* Tic Tac Toe */,
				DC8214971BB02514003D6460 /* Products */,
			);
			sourceTree = "<group>";
		};
		DC8214971BB02514003D6460 /* Products */ = {
			isa = PBXGroup;
			children = (
				DC8214961BB02514003D6460 /* Tic Tac Toe.app */,
			);
			name = Products;
			sourceTree = "<group>";
		};
		DC8214981BB02514003D6460 /* Tic Tac Toe */ = {
			isa = PBXGroup;
			children = (
				DC8214991BB02514003D6460 /* AppDelegate.swift */,
				DC82149B1BB02514003D6460 /* ViewController.swift */,
				DC82149D1BB02514003D6460 /* Main.storyboard */,
				DC8214AB1BB02549003D6460 /* board.png */,
				DC8214AC1BB02549003D6460 /* cross.png */,
				DC8214AD1BB02549003D6460 /* nought.png */,
				DC8214A01BB02514003D6460 /* Assets.xcassets */,
				DC8214A21BB02514003D6460 /* LaunchScreen.storyboard */,
				DC8214A51BB02514003D6460 /* Info.plist */,
			);
			path = "Tic Tac Toe";
			sourceTree = "<group>";
		};
/* End PBXGroup section */

/* Begin PBXNativeTarget section */
		DC8214951BB02514003D6460 /* Tic Tac Toe */ = {
			isa = PBXNativeTarget;
			buildConfigurationList = DC8214A81BB02514003D6460 /* Build configuration list for PBXNativeTarget "Tic Tac Toe" */;
			buildPhases = (
				DC8214921BB02514003D6460 /* Sources */,
				DC8214931BB02514003D6460 /* Frameworks */,
				DC8214941BB02514003D6460 /* Resources */,
			);
			buildRules = (
			);
			dependencies = (
			);
			name = "Tic Tac Toe";
			productName = "Tic Tac Toe";
			productReference = DC8214961BB02514003D6460 /* Tic Tac Toe.app */;
			productType = "com.apple.product-type.application";
		};
/* End PBXNativeTarget section */

/* Begin PBXProject section */
		DC82148E1BB02514003D6460 /* Project object */ = {
			isa = PBXProject;
			attributes = {
				LastUpgradeCheck = 0700;
				ORGANIZATIONNAME = Kersuzan;
				TargetAttributes = {
					DC8214951BB02514003D6460 = {
						CreatedOnToolsVersion = 7.0;
					};
				};
			};
			buildConfigurationList = DC8214911BB02514003D6460 /* Build configuration list for PBXProject "Tic Tac Toe" */;
			compatibilityVersion = "Xcode 3.2";
			developmentRegion = English;
			hasScannedForEncodings = 0;
			knownRegions = (
				en,
				Base,
			);
			mainGroup = DC82148D1BB02514003D6460;
			productRefGroup = DC8214971BB02514003D6460 /* Products */;
			projectDirPath = "";
			projectRoot = "";
			targets = (
				DC8214951BB02514003D6460 /* Tic Tac Toe */,
			);
		};
/* End PBXProject section */

/* Begin PBXResourcesBuildPhase section */
		DC8214941BB02514003D6460 /* Resources */ = {
			isa = PBXResourcesBuildPhase;
			buildActionMask = 2147483647;
			files = (
				DC8214AF1BB02549003D6460 /* cross.png in Resources */,
				DC8214AE1BB02549003D6460 /* board.png in Resources */,
				DC8214B01BB02549003D6460 /* nought.png in Resources */,
				DC8214A41BB02514003D6460 /* LaunchScreen.storyboard in Resources */,
				DC8214A11BB02514003D6460 /* Assets.xcassets in Resources */,
				DC82149F1BB02514003D6460 /* Main.storyboard in Resources */,
			);
			runOnlyForDeploymentPostprocessing = 0;
		};
/* End PBXResourcesBuildPhase section */

/* Begin PBXSourcesBuildPhase section */
		DC8214921BB02514003D6460 /* Sources */ = {
			isa = PBXSourcesBuildPhase;
			buildActionMask = 2147483647;
			files = (
				DC82149C1BB02514003D6460 /* ViewController.swift in Sources */,
				DC82149A1BB02514003D6460 /* AppDelegate.swift in Sources */,
			);
			runOnlyForDeploymentPostprocessing = 0;
		};
/* End PBXSourcesBuildPhase section */

/* Begin PBXVariantGroup section */
		DC82149D1BB02514003D6460 /* Main.storyboard */ = {
			isa = PBXVariantGroup;
			children = (
				DC82149E1BB02514003D6460 /* Base */,
			);
			name = Main.storyboard;
			sourceTree = "<group>";
		};
		DC8214A21BB02514003D6460 /* LaunchScreen.storyboard */ = {
			isa = PBXVariantGroup;
			children = (
				DC8214A31BB02514003D6460 /* Base */,
			);
			name = LaunchScreen.storyboard;
			sourceTree = "<group>";
		};
/* End PBXVariantGroup section */

/* Begin XCBuildConfiguration section */
		DC8214A61BB02514003D6460 /* Debug */ = {
			isa = XCBuildConfiguration;
			buildSettings = {
				ALWAYS_SEARCH_USER_PATHS = NO;
				CLANG_CXX_LANGUAGE_STANDARD = "gnu++0x";
				CLANG_CXX_LIBRARY = "libc++";
				CLANG_ENABLE_MODULES = YES;
				CLANG_ENABLE_OBJC_ARC = YES;
				CLANG_WARN_BOOL_CONVERSION = YES;
				CLANG_WARN_CONSTANT_CONVERSION = YES;
				CLANG_WARN_DIRECT_OBJC_ISA_USAGE = YES_ERROR;
				CLANG_WARN_EMPTY_BODY = YES;
				CLANG_WARN_ENUM_CONVERSION = YES;
				CLANG_WARN_INT_CONVERSION = YES;
				CLANG_WARN_OBJC_ROOT_CLASS = YES_ERROR;
				CLANG_WARN_UNREACHABLE_CODE = YES;
				CLANG_WARN__DUPLICATE_METHOD_MATCH = YES;
				"CODE_SIGN_IDENTITY[sdk=iphoneos*]" = "iPhone Developer";
				COPY_PHASE_STRIP = NO;
				DEBUG_INFORMATION_FORMAT = dwarf;
				ENABLE_STRICT_OBJC_MSGSEND = YES;
				ENABLE_TESTABILITY = YES;
				GCC_C_LANGUAGE_STANDARD = gnu99;
				GCC_DYNAMIC_NO_PIC = NO;
				GCC_NO_COMMON_BLOCKS = YES;
				GCC_OPTIMIZATION_LEVEL = 0;
				GCC_PREPROCESSOR_DEFINITIONS = (
					"DEBUG=1",
					"$(inherited)",
				);
				GCC_WARN_64_TO_32_BIT_CONVERSION = YES;
				GCC_WARN_ABOUT_RETURN_TYPE = YES_ERROR;
				GCC_WARN_UNDECLARED_SELECTOR = YES;
				GCC_WARN_UNINITIALIZED_AUTOS = YES_AGGRESSIVE;
				GCC_WARN_UNUSED_FUNCTION = YES;
				GCC_WARN_UNUSED_VARIABLE = YES;
				IPHONEOS_DEPLOYMENT_TARGET = 9.0;
				MTL_ENABLE_DEBUG_INFO = YES;
				ONLY_ACTIVE_ARCH = YES;
				SDKROOT = iphoneos;
				SWIFT_OPTIMIZATION_LEVEL = "-Onone";
			};
			name = Debug;
		};
		DC8214A71BB02514003D6460 /* Release */ = {
			isa = XCBuildConfiguration;
			buildSettings = {
				ALWAYS_SEARCH_USER_PATHS = NO;
				CLANG_CXX_LANGUAGE_STANDARD = "gnu++0x";
				CLANG_CXX_LIBRARY = "libc++";
				CLANG_ENABLE_MODULES = YES;
				CLANG_ENABLE_OBJC_ARC = YES;
				CLANG_WARN_BOOL_CONVERSION = YES;
				CLANG_WARN_CONSTANT_CONVERSION = YES;
				CLANG_WARN_DIRECT_OBJC_ISA_USAGE = YES_ERROR;
				CLANG_WARN_EMPTY_BODY = YES;
				CLANG_WARN_ENUM_CONVERSION = YES;
				CLANG_WARN_INT_CONVERSION = YES;
				CLANG_WARN_OBJC_ROOT_CLASS = YES_ERROR;
				CLANG_WARN_UNREACHABLE_CODE = YES;
				CLANG_WARN__DUPLICATE_METHOD_MATCH = YES;
				"CODE_SIGN_IDENTITY[sdk=iphoneos*]" = "iPhone Developer";
				COPY_PHASE_STRIP = NO;
				DEBUG_INFORMATION_FORMAT = "dwarf-with-dsym";
				ENABLE_NS_ASSERTIONS = NO;
				ENABLE_STRICT_OBJC_MSGSEND = YES;
				GCC_C_LANGUAGE_STANDARD = gnu99;
				GCC_NO_COMMON_BLOCKS = YES;
				GCC_WARN_64_TO_32_BIT_CONVERSION = YES;
				GCC_WARN_ABOUT_RETURN_TYPE = YES_ERROR;
				GCC_WARN_UNDECLARED_SELECTOR = YES;
				GCC_WARN_UNINITIALIZED_AUTOS = YES_AGGRESSIVE;
				GCC_WARN_UNUSED_FUNCTION = YES;
				GCC_WARN_UNUSED_VARIABLE = YES;
				IPHONEOS_DEPLOYMENT_TARGET = 9.0;
				MTL_ENABLE_DEBUG_INFO = NO;
				SDKROOT = iphoneos;
				VALIDATE_PRODUCT = YES;
			};
			name = Release;
		};
		DC8214A91BB02514003D6460 /* Debug */ = {
			isa = XCBuildConfiguration;
			buildSettings = {
				ASSETCATALOG_COMPILER_APPICON_NAME = AppIcon;
				INFOPLIST_FILE = "Tic Tac Toe/Info.plist";
				LD_RUNPATH_SEARCH_PATHS = "$(inherited) @executable_path/Frameworks";
				PRODUCT_BUNDLE_IDENTIFIER = "com.kersuzan.Tic-Tac-Toe";
				PRODUCT_NAME = "$(TARGET_NAME)";
			};
			name = Debug;
		};
		DC8214AA1BB02514003D6460 /* Release */ = {
			isa = XCBuildConfiguration;
			buildSettings = {
				ASSETCATALOG_COMPILER_APPICON_NAME = AppIcon;
				INFOPLIST_FILE = "Tic Tac Toe/Info.plist";
				LD_RUNPATH_SEARCH_PATHS = "$(inherited) @executable_path/Frameworks";
				PRODUCT_BUNDLE_IDENTIFIER = "com.kersuzan.Tic-Tac-Toe";
				PRODUCT_NAME = "$(TARGET_NAME)";
			};
			name = Release;
		};
/* End XCBuildConfiguration section */

/* Begin XCConfigurationList section */
		DC8214911BB02514003D6460 /* Build configuration list for PBXProject "Tic Tac Toe" */ = {
			isa = XCConfigurationList;
			buildConfigurations = (
				DC8214A61BB02514003D6460 /* Debug */,
				DC8214A71BB02514003D6460 /* Release */,
			);
			defaultConfigurationIsVisible = 0;
			defaultConfigurationName = Release;
		};
		DC8214A81BB02514003D6460 /* Build configuration list for PBXNativeTarget "Tic Tac Toe" */ = {
			isa = XCConfigurationList;
			buildConfigurations = (
				DC8214A91BB02514003D6460 /* Debug */,
				DC8214AA1BB02514003D6460 /* Release */,
			);
			defaultConfigurationIsVisible = 0;
		};
/* End XCConfigurationList section */
	};
	rootObject = DC82148E1BB02514003D6460 /* Project object */;
}
